lockfileVersion: '9.0'

settings:
  autoInstallPeers: true
  excludeLinksFromLockfile: false

importers:

  .:
    devDependencies:
      '@dashkite/genie':
        specifier: ^0.8.4
        version: 0.8.4
      '@dashkite/genie-clean':
        specifier: link:../genie-clean
        version: link:../genie-clean
      '@dashkite/genie-coffee':
        specifier: link:../genie-coffee
        version: link:../genie-coffee
      '@dashkite/genie-release':
        specifier: ^0.2.8
        version: 0.2.8

packages:

  '@dashkite/genie-release@0.2.8':
    resolution: {integrity: sha512-nIlx8ocQWIrJAHbYiFopnCL7LWr/4r4lexomeYrR+eadDc2IVbzRH+bnMj2dyNBzCNw18Tk5rt60mUg96ieiQg==}

  '@dashkite/genie@0.8.4':
    resolution: {integrity: sha512-f4c84JoTaIoEvSwwre9lOD4V1/AHMp9prIeiJrD4/hRWiGcO+HYqjzjK7mNA2kfq68K/I3y9F5QYhlaG8QpCYA==}
    engines: {node: '>=20.0.0'}
    hasBin: true

  '@dashkite/joy@0.3.16':
    resolution: {integrity: sha512-dsU0us4j1Pb+zceoBvLbnZ2PbmULkJUtM2vtWLxKmoc1DE4w9SVTiPTe6JWvF0A0vk90ldv+Lc9qEA5x3O+DtQ==}

  '@dashkite/kaiko@0.3.3':
    resolution: {integrity: sha512-XnAvVr9y2MsDqMLr4A24vkLF7Iuq3E8RjHEEpqhe29P5NevVX9jXKcXUStNMp9MSJbjHd2pqUNiM5Vvdja9ggg==}

  '@dashkite/zephyr@0.2.0':
    resolution: {integrity: sha512-l3Fm9nyOIp1yBnv4IzGOKVgo1/UucU5WLvsqAfcP2jEVlE4AgpPkODssyloxTyC3N+bhcz1DXqC/7KokI1eVjA==}

  '@nodelib/fs.scandir@2.1.5':
    resolution: {integrity: sha512-vq24Bq3ym5HEQm2NKCr3yXDwjc7vTsEThRDnkp2DK9p1uqLR+DHurm/NOTo0KG7HYHU7eppKZj3MyqYuMBf62g==}
    engines: {node: '>= 8'}

  '@nodelib/fs.stat@2.0.5':
    resolution: {integrity: sha512-RkhPPp2zrqDAQA/2jNhnztcPAlv64XdhIp7a7454A5ovI7Bukxgt7MX7udwAu3zg1DcpPU0rz3VV1SeaqvY4+A==}
    engines: {node: '>= 8'}

  '@nodelib/fs.walk@1.2.8':
    resolution: {integrity: sha512-oGB+UxlgWcgQkgwo8GcEGwemoTFt3FIO9ababBmaGwXIoBKZ+GTy0pP185beGg7Llih/NSHSV2XAs1lnznocSg==}
    engines: {node: '>= 8'}

  '@swc/core-darwin-arm64@1.11.7':
    resolution: {integrity: sha512-3+LhCP2H50CLI6yv/lhOtoZ5B/hi7Q/23dye1KhbSDeDprLTm/KfLJh/iQqwaHUponf5m8C2U0y6DD+HGLz8Yw==}
    engines: {node: '>=10'}
    cpu: [arm64]
    os: [darwin]

  '@swc/core-darwin-x64@1.11.7':
    resolution: {integrity: sha512-1diWpJqwX1XmOghf9ENFaeRaTtqLiqlZIW56RfOqmeZ7tPp3qS7VygWb9akptBsO5pEA5ZwNgSerD6AJlQcjAw==}
    engines: {node: '>=10'}
    cpu: [x64]
    os: [darwin]

  '@swc/core-linux-arm-gnueabihf@1.11.7':
    resolution: {integrity: sha512-MV8+hLREf0NN23NuSKemsjFaWjl/HnqdOkE7uhXTnHzg8WTwp6ddVtU5Yriv15+d/ktfLWPVAOhLHQ4gzaoa8A==}
    engines: {node: '>=10'}
    cpu: [arm]
    os: [linux]

  '@swc/core-linux-arm64-gnu@1.11.7':
    resolution: {integrity: sha512-5GNs8ZjHQy/UTSnzzn+gm1RCUpCYo43lsxYOl8mpcnZSfxkNFVpjfylBv0QuJ5qhdfZ2iU55+v4iJCwCMtw0nA==}
    engines: {node: '>=10'}
    cpu: [arm64]
    os: [linux]

  '@swc/core-linux-arm64-musl@1.11.7':
    resolution: {integrity: sha512-cTydaYBwDbVV5CspwVcCp9IevYWpGD1cF5B5KlBdjmBzxxeWyTAJRtKzn8w5/UJe/MfdAptarpqMPIs2f33YEQ==}
    engines: {node: '>=10'}
    cpu: [arm64]
    os: [linux]

  '@swc/core-linux-x64-gnu@1.11.7':
    resolution: {integrity: sha512-YAX2KfYPlbDsnZiVMI4ZwotF3VeURUrzD+emJgFf1g26F4eEmslldgnDrKybW7V+bObsH22cDqoy6jmQZgpuPQ==}
    engines: {node: '>=10'}
    cpu: [x64]
    os: [linux]

  '@swc/core-linux-x64-musl@1.11.7':
    resolution: {integrity: sha512-mYT6FTDZyYx5pailc8xt6ClS2yjKmP8jNHxA9Ce3K21n5qkKilI5M2N7NShwXkd3Ksw3F29wKrg+wvEMXTRY/A==}
    engines: {node: '>=10'}
    cpu: [x64]
    os: [linux]

  '@swc/core-win32-arm64-msvc@1.11.7':
    resolution: {integrity: sha512-uLDQEcv0BHcepypstyxKkNsW6KfLyI5jVxTbcxka+B2UnMcFpvoR87nGt2JYW0grO2SNZPoFz+UnoKL9c6JxpA==}
    engines: {node: '>=10'}
    cpu: [arm64]
    os: [win32]

  '@swc/core-win32-ia32-msvc@1.11.7':
    resolution: {integrity: sha512-wiq5G3fRizdxAJVFcon7zpyfbfrb+YShuTy+TqJ4Nf5PC0ueMOXmsmeuyQGApn6dVWtGCyymYQYt77wHeQajdA==}
    engines: {node: '>=10'}
    cpu: [ia32]
    os: [win32]

  '@swc/core-win32-x64-msvc@1.11.7':
    resolution: {integrity: sha512-/zQdqY4fHkSORxEJ2cKtRBOwglvf/8gs6Tl4Q6VMx2zFtFpIOwFQstfY5u8wBNN2Z+PkAzyUCPoi8/cQFK8HLQ==}
    engines: {node: '>=10'}
    cpu: [x64]
    os: [win32]

  '@swc/core@1.11.7':
    resolution: {integrity: sha512-ICuzjyfz8Hh3U16Mb21uCRJeJd/lUgV999GjgvPhJSISM1L8GDSB5/AMNcwuGs7gFywTKI4vAeeXWyCETUXHAg==}
    engines: {node: '>=10'}
    peerDependencies:
      '@swc/helpers': '*'
    peerDependenciesMeta:
      '@swc/helpers':
        optional: true

  '@swc/counter@0.1.3':
    resolution: {integrity: sha512-e2BR4lsJkkRlKZ/qCHPw9ZaSxc0MVUd7gtbtaB7aMvHeJVYe8sOB8DBZkP2DtISHGSku9sCK6T6cnY0CtXrOCQ==}

  '@swc/types@0.1.19':
    resolution: {integrity: sha512-WkAZaAfj44kh/UFdAQcrMP1I0nwRqpt27u+08LMBYMqmQfwwMofYoMh/48NGkMMRfC4ynpfwRbJuu8ErfNloeA==}

  ansi-styles@4.3.0:
    resolution: {integrity: sha512-zbB9rCJAT1rbjiVDb2hqKFHNYLxgtk8NURxZ3IZwD3F6NtxbXZQCnnSi1Lkx+IDohdPlFp222wVALIheZJQSEg==}
    engines: {node: '>=8'}

  argparse@2.0.1:
    resolution: {integrity: sha512-8+9WqebbFzpX9OR+Wa6O29asIogeRMzcGtAINdpMHHyAg10f05aSFVBbcEqGf/PXw1EjAZ+q2/bEBg3DvurK3Q==}

  braces@3.0.3:
    resolution: {integrity: sha512-yQbXgO/OSZVD2IsiLlro+7Hf6Q18EJrKSEsdoMzKePKXct3gvD8oLcOQdIzGupr5Fj+EDe8gO/lxc1BzfMpxvA==}
    engines: {node: '>=8'}

  buffer-from@1.1.2:
    resolution: {integrity: sha512-E+XQCRwSbaaiChtv6k6Dwgc+bx+Bs6vuKJHHl5kox/BaKbhiXzqQOwK4cO22yElGp2OCmjwVhT3HmxgyPGnJfQ==}

  chalk@4.1.2:
    resolution: {integrity: sha512-oKnbhFyRIXpUuez8iBMmyEa4nbj4IOQyuhc/wy9kY7/WVPcwIO9VA668Pu8RkO7+0G76SLROeyw9CpQ061i4mA==}
    engines: {node: '>=10'}

  coffeescript@2.7.0:
    resolution: {integrity: sha512-hzWp6TUE2d/jCcN67LrW1eh5b/rSDKQK6oD6VMLlggYVUUFexgTH9z3dNYihzX4RMhze5FTUsUmOXViJKFQR/A==}
    engines: {node: '>=6'}
    hasBin: true

  color-convert@2.0.1:
    resolution: {integrity: sha512-RRECPsj7iu/xb5oKYcsFHSppFNnsj/52OVTRKb4zP5onXwVF3zVmmToNcOfGC+CRDpfK/U584fMg38ZHCaElKQ==}
    engines: {node: '>=7.0.0'}

  color-name@1.1.4:
    resolution: {integrity: sha512-dOy+3AuW3a2wNbZHIuMZpTcgjGuLU/uBL/ubcZF9OXbDo8ff4O8yVp5Bf0efS8uEoYo5q4Fx7dY9OgQGXgAsQA==}

  commander@11.1.0:
    resolution: {integrity: sha512-yPVavfyCcRhmorC7rWlkHn15b4wDVgVmBA7kV4QVBsF7kv/9TKJAbAXVTxvTnwP8HHKjRCJDClKbciiYS7p0DQ==}
    engines: {node: '>=16'}

  dayjs@1.11.13:
    resolution: {integrity: sha512-oaMBel6gjolK862uaPQOVTA7q3TZhuSvuMQAAglQDOWYO9A91IrAOUJEyKVlqJlHE0vq5p5UXxzdPfMH/x6xNg==}

  fast-glob@3.3.3:
    resolution: {integrity: sha512-7MptL8U0cqcFdzIzwOTHoilX9x5BrNqye7Z/LuC7kCMRio1EMSyqRK3BEAUD7sXRq4iT4AzTVuZdhgQ2TCvYLg==}
    engines: {node: '>=8.6.0'}

  fastq@1.19.1:
    resolution: {integrity: sha512-GwLTyxkCXjXbxqIhTsMI2Nui8huMPtnxg7krajPJAjnEG/iiOS7i+zCtWGZR9G0NBKbXKh6X9m9UIsYX/N6vvQ==}

  fill-range@7.1.1:
    resolution: {integrity: sha512-YsGpe3WHLK8ZYi4tWDg2Jy3ebRz2rXowDxnld4bkQB00cc/1Zw9AWnC0i9ztDJitivtQvaI9KaLyKrc+hBW0yg==}
    engines: {node: '>=8'}

  glob-parent@5.1.2:
    resolution: {integrity: sha512-AOIgSQCepiJYwP3ARnGx+5VnTu2HBYdzbGP45eLw1vr3zB3vZLeyed1sC9hnbcOc9/SrMyM5RPQrkGz4aS9Zow==}
    engines: {node: '>= 6'}

  has-flag@4.0.0:
    resolution: {integrity: sha512-EykJT/Q1KjTWctppgIAgfSO0tKVuZUjhgMr17kqTumMl6Afv3EISleU7qZUzoXDFTAHTDC4NOoG/ZxU3EvlMPQ==}
    engines: {node: '>=8'}

  is-extglob@2.1.1:
    resolution: {integrity: sha512-SbKbANkN603Vi4jEZv49LeVJMn4yGwsbzZworEoyEiutsN3nJYdbO36zfhGJ6QEDpOZIFkDtnq5JRxmvl3jsoQ==}
    engines: {node: '>=0.10.0'}

  is-glob@4.0.3:
    resolution: {integrity: sha512-xelSayHH36ZgE7ZWhli7pW34hNbNl8Ojv5KVmkJD4hBdD3th8Tfk9vYasLM+mXWOZhFkgZfxhLSnrwRr4elSSg==}
    engines: {node: '>=0.10.0'}

  is-number@7.0.0:
    resolution: {integrity: sha512-41Cifkg6e8TylSpdtTpeLVMqvSBEVzTttHvERD741+pnZ8ANv0004MRL43QKPDlK9cGvNp6NZWZUBlbGXYxxng==}
    engines: {node: '>=0.12.0'}

  js-yaml@4.1.0:
    resolution: {integrity: sha512-wpxZs9NoxZaJESJGIZTyDEaYpl0FKSA+FB9aJiyemKhMwkxQg63h4T1KJgUGHpTqPDNRcmmYLugrRjJlBtWvRA==}
    hasBin: true

  merge2@1.4.1:
    resolution: {integrity: sha512-8q7VEgMJW4J8tcfVPy8g09NcQwZdbwFEqhe/WZkoIzjn/3TGDwtOCYtXGxA3O8tPzpczCCDgv+P2P5y00ZJOOg==}
    engines: {node: '>= 8'}

  micromatch@4.0.8:
    resolution: {integrity: sha512-PXwfBhYu0hBCPw8Dn0E+WDYb7af3dSLVWKi3HGv84IdF4TyFoC0ysxFd0Goxw7nSv4T/PzEJQxsYsEiFCKo2BA==}
    engines: {node: '>=8.6'}

  picomatch@2.3.1:
    resolution: {integrity: sha512-JU3teHTNjmE2VCGFzuY8EXzCDVwEqB2a8fsIvwaStHhAWJEeVd1o1QD80CU6+ZdEXXSLbSsuLwJjkCBWqRQUVA==}
    engines: {node: '>=8.6'}

  queue-microtask@1.2.3:
    resolution: {integrity: sha512-NuaNSa6flKT5JaSYQzJok04JzTL1CA6aGhv5rfLW3PgqA+M2ChpZQnAC8h8i4ZFkBS8X5RqkDBHA7r4hej3K9A==}

  reusify@1.1.0:
    resolution: {integrity: sha512-g6QUff04oZpHs0eG5p83rFLhHeV00ug/Yf9nZM6fLeUrPguBTkTQOdpAWWspMh55TZfVQDPaN3NQJfbVRAxdIw==}
    engines: {iojs: '>=1.0.0', node: '>=0.10.0'}

  run-parallel@1.2.0:
    resolution: {integrity: sha512-5l4VyZR86LZ/lDxZTR6jqL8AFE2S0IFLMP26AbjsLVADxHdhB/c0GUsH+y39UfCi3dzz8OlQuPmnaJOMoDHQBA==}

  source-map-support@0.5.21:
    resolution: {integrity: sha512-uBHU3L3czsIyYXKX88fdrGovxdSCoTGDRZ6SYXtSRxLZUzHg5P/66Ht6uoUlHu9EZod+inXhKo3qQgwXUT/y1w==}

  source-map@0.6.1:
    resolution: {integrity: sha512-UjgapumWlbMhkBgzT7Ykc5YXUT46F0iKu8SGXq0bcwP5dz/h0Plj6enJqjz1Zbq2l5WaqYnrVbwWOWMyF3F47g==}
    engines: {node: '>=0.10.0'}

  supports-color@7.2.0:
    resolution: {integrity: sha512-qpCAvRl9stuOHveKsn7HncJRvv501qIacKzQlO/+Lwxc9+0q2wLyv4Dfvt80/DPn2pqOBsJdDiogXGR9+OvwRw==}
    engines: {node: '>=8'}

  to-regex-range@5.0.1:
    resolution: {integrity: sha512-65P7iz6X5yEr1cwcgvQxbbIw7Uk3gOy5dIdtZ4rDveLqhrdJP+Li/Hx6tyK0NEb+2GCyneCMJiGqrADCSNk8sQ==}
    engines: {node: '>=8.0'}

  zx@8.7.0:
    resolution: {integrity: sha512-pArftqj5JV/er8p+czFZwF+k6SbCldl7kcfCR+rIiDIh3gUsLB0F3Xh05diP8PzToZ39D/GWeFoVFimjHQkbAg==}
    engines: {node: '>= 12.17.0'}
    hasBin: true

snapshots:

  '@dashkite/genie-release@0.2.8':
    dependencies:
      '@dashkite/zephyr': 0.2.0
      zx: 8.7.0

  '@dashkite/genie@0.8.4':
    dependencies:
      '@dashkite/joy': 0.3.16
      '@dashkite/kaiko': 0.3.3
      '@swc/core': 1.11.7
      chalk: 4.1.2
      coffeescript: 2.7.0
      commander: 11.1.0
      dayjs: 1.11.13
      fast-glob: 3.3.3
      js-yaml: 4.1.0
      source-map-support: 0.5.21
    transitivePeerDependencies:
      - '@swc/helpers'

  '@dashkite/joy@0.3.16': {}

  '@dashkite/kaiko@0.3.3': {}

  '@dashkite/zephyr@0.2.0':
    dependencies:
      '@dashkite/joy': 0.3.16
      js-yaml: 4.1.0

  '@nodelib/fs.scandir@2.1.5':
    dependencies:
      '@nodelib/fs.stat': 2.0.5
      run-parallel: 1.2.0

  '@nodelib/fs.stat@2.0.5': {}

  '@nodelib/fs.walk@1.2.8':
    dependencies:
      '@nodelib/fs.scandir': 2.1.5
      fastq: 1.19.1

  '@swc/core-darwin-arm64@1.11.7':
    optional: true

  '@swc/core-darwin-x64@1.11.7':
    optional: true

  '@swc/core-linux-arm-gnueabihf@1.11.7':
    optional: true

  '@swc/core-linux-arm64-gnu@1.11.7':
    optional: true

  '@swc/core-linux-arm64-musl@1.11.7':
    optional: true

  '@swc/core-linux-x64-gnu@1.11.7':
    optional: true

  '@swc/core-linux-x64-musl@1.11.7':
    optional: true

  '@swc/core-win32-arm64-msvc@1.11.7':
    optional: true

  '@swc/core-win32-ia32-msvc@1.11.7':
    optional: true

  '@swc/core-win32-x64-msvc@1.11.7':
    optional: true

  '@swc/core@1.11.7':
    dependencies:
      '@swc/counter': 0.1.3
      '@swc/types': 0.1.19
    optionalDependencies:
      '@swc/core-darwin-arm64': 1.11.7
      '@swc/core-darwin-x64': 1.11.7
      '@swc/core-linux-arm-gnueabihf': 1.11.7
      '@swc/core-linux-arm64-gnu': 1.11.7
      '@swc/core-linux-arm64-musl': 1.11.7
      '@swc/core-linux-x64-gnu': 1.11.7
      '@swc/core-linux-x64-musl': 1.11.7
      '@swc/core-win32-arm64-msvc': 1.11.7
      '@swc/core-win32-ia32-msvc': 1.11.7
      '@swc/core-win32-x64-msvc': 1.11.7

  '@swc/counter@0.1.3': {}

  '@swc/types@0.1.19':
    dependencies:
      '@swc/counter': 0.1.3

  ansi-styles@4.3.0:
    dependencies:
      color-convert: 2.0.1

  argparse@2.0.1: {}

  braces@3.0.3:
    dependencies:
      fill-range: 7.1.1

  buffer-from@1.1.2: {}

  chalk@4.1.2:
    dependencies:
      ansi-styles: 4.3.0
      supports-color: 7.2.0

  coffeescript@2.7.0: {}

  color-convert@2.0.1:
    dependencies:
      color-name: 1.1.4

  color-name@1.1.4: {}

  commander@11.1.0: {}

  dayjs@1.11.13: {}

  fast-glob@3.3.3:
    dependencies:
      '@nodelib/fs.stat': 2.0.5
      '@nodelib/fs.walk': 1.2.8
      glob-parent: 5.1.2
      merge2: 1.4.1
      micromatch: 4.0.8

  fastq@1.19.1:
    dependencies:
      reusify: 1.1.0

  fill-range@7.1.1:
    dependencies:
      to-regex-range: 5.0.1

  glob-parent@5.1.2:
    dependencies:
      is-glob: 4.0.3

  has-flag@4.0.0: {}

  is-extglob@2.1.1: {}

  is-glob@4.0.3:
    dependencies:
      is-extglob: 2.1.1

  is-number@7.0.0: {}

  js-yaml@4.1.0:
    dependencies:
      argparse: 2.0.1

  merge2@1.4.1: {}

  micromatch@4.0.8:
    dependencies:
      braces: 3.0.3
      picomatch: 2.3.1

  picomatch@2.3.1: {}

  queue-microtask@1.2.3: {}

  reusify@1.1.0: {}

  run-parallel@1.2.0:
    dependencies:
      queue-microtask: 1.2.3

  source-map-support@0.5.21:
    dependencies:
      buffer-from: 1.1.2
      source-map: 0.6.1

  source-map@0.6.1: {}

  supports-color@7.2.0:
    dependencies:
      has-flag: 4.0.0

  to-regex-range@5.0.1:
    dependencies:
      is-number: 7.0.0

  zx@8.7.0: {}
