lockfileVersion: '6.0'

settings:
  autoInstallPeers: true
  excludeLinksFromLockfile: false

devDependencies:
  '@dashkite/genie':
    specifier: ^0.7.3
    version: 0.7.3
  '@dashkite/genie-coffee':
    specifier: link:../genie-coffee
    version: link:../genie-coffee

packages:

  /@dashkite/genie@0.7.3:
    resolution: {integrity: sha512-4V+CnHDQRAnmEXjtQRYVYly8GEgpfr/tZYjlC7eLig/u9lbNe9B2X6Kx6TRO7tgA1Am77Mz2uKunFupNVdNkrQ==}
    hasBin: true
    dependencies:
      '@dashkite/joy': 0.3.16
      '@dashkite/kaiko': 0.3.1
      '@swc/core': 1.3.100
      chalk: 4.1.2
      coffeescript: 2.7.0
      commander: 11.1.0
      dayjs: 1.11.10
      fast-glob: 3.3.2
      js-yaml: 4.1.0
      source-map-support: 0.5.21
    transitivePeerDependencies:
      - '@swc/helpers'
    dev: true

  /@dashkite/joy@0.3.16:
    resolution: {integrity: sha512-dsU0us4j1Pb+zceoBvLbnZ2PbmULkJUtM2vtWLxKmoc1DE4w9SVTiPTe6JWvF0A0vk90ldv+Lc9qEA5x3O+DtQ==}
    dev: true

  /@dashkite/kaiko@0.3.1:
    resolution: {integrity: sha512-KuTY4YXS1O3MlMcmDU3oozyxbAsydAEJ4rP+C7UIXBPPBVWuhYQ5tS1htZX37woWfMcq9FLM2eTh/QCkCYEMtg==}
    dev: true

  /@nodelib/fs.scandir@2.1.5:
    resolution: {integrity: sha512-vq24Bq3ym5HEQm2NKCr3yXDwjc7vTsEThRDnkp2DK9p1uqLR+DHurm/NOTo0KG7HYHU7eppKZj3MyqYuMBf62g==}
    engines: {node: '>= 8'}
    dependencies:
      '@nodelib/fs.stat': 2.0.5
      run-parallel: 1.2.0
    dev: true

  /@nodelib/fs.stat@2.0.5:
    resolution: {integrity: sha512-RkhPPp2zrqDAQA/2jNhnztcPAlv64XdhIp7a7454A5ovI7Bukxgt7MX7udwAu3zg1DcpPU0rz3VV1SeaqvY4+A==}
    engines: {node: '>= 8'}
    dev: true

  /@nodelib/fs.walk@1.2.8:
    resolution: {integrity: sha512-oGB+UxlgWcgQkgwo8GcEGwemoTFt3FIO9ababBmaGwXIoBKZ+GTy0pP185beGg7Llih/NSHSV2XAs1lnznocSg==}
    engines: {node: '>= 8'}
    dependencies:
      '@nodelib/fs.scandir': 2.1.5
      fastq: 1.15.0
    dev: true

  /@swc/core-darwin-arm64@1.3.100:
    resolution: {integrity: sha512-XVWFsKe6ei+SsDbwmsuRkYck1SXRpO60Hioa4hoLwR8fxbA9eVp6enZtMxzVVMBi8ej5seZ4HZQeAWepbukiBw==}
    engines: {node: '>=10'}
    cpu: [arm64]
    os: [darwin]
    requiresBuild: true
    dev: true
    optional: true

  /@swc/core-darwin-x64@1.3.100:
    resolution: {integrity: sha512-KF/MXrnH1nakm1wbt4XV8FS7kvqD9TGmVxeJ0U4bbvxXMvzeYUurzg3AJUTXYmXDhH/VXOYJE5N5RkwZZPs5iA==}
    engines: {node: '>=10'}
    cpu: [x64]
    os: [darwin]
    requiresBuild: true
    dev: true
    optional: true

  /@swc/core-linux-arm64-gnu@1.3.100:
    resolution: {integrity: sha512-p8hikNnAEJrw5vHCtKiFT4hdlQxk1V7vqPmvUDgL/qe2menQDK/i12tbz7/3BEQ4UqUPnvwpmVn2d19RdEMNxw==}
    engines: {node: '>=10'}
    cpu: [arm64]
    os: [linux]
    requiresBuild: true
    dev: true
    optional: true

  /@swc/core-linux-arm64-musl@1.3.100:
    resolution: {integrity: sha512-BWx/0EeY89WC4q3AaIaBSGfQxkYxIlS3mX19dwy2FWJs/O+fMvF9oLk/CyJPOZzbp+1DjGeeoGFuDYpiNO91JA==}
    engines: {node: '>=10'}
    cpu: [arm64]
    os: [linux]
    requiresBuild: true
    dev: true
    optional: true

  /@swc/core-linux-x64-gnu@1.3.100:
    resolution: {integrity: sha512-XUdGu3dxAkjsahLYnm8WijPfKebo+jHgHphDxaW0ovI6sTdmEGFDew7QzKZRlbYL2jRkUuuKuDGvD6lO5frmhA==}
    engines: {node: '>=10'}
    cpu: [x64]
    os: [linux]
    requiresBuild: true
    dev: true
    optional: true

  /@swc/core-linux-x64-musl@1.3.100:
    resolution: {integrity: sha512-PhoXKf+f0OaNW/GCuXjJ0/KfK9EJX7z2gko+7nVnEA0p3aaPtbP6cq1Ubbl6CMoPL+Ci3gZ7nYumDqXNc3CtLQ==}
    engines: {node: '>=10'}
    cpu: [x64]
    os: [linux]
    requiresBuild: true
    dev: true
    optional: true

  /@swc/core-win32-arm64-msvc@1.3.100:
    resolution: {integrity: sha512-PwLADZN6F9cXn4Jw52FeP/MCLVHm8vwouZZSOoOScDtihjY495SSjdPnlosMaRSR4wJQssGwiD/4MbpgQPqbAw==}
    engines: {node: '>=10'}
    cpu: [arm64]
    os: [win32]
    requiresBuild: true
    dev: true
    optional: true

  /@swc/core-win32-ia32-msvc@1.3.100:
    resolution: {integrity: sha512-0f6nicKSLlDKlyPRl2JEmkpBV4aeDfRQg6n8mPqgL7bliZIcDahG0ej+HxgNjZfS3e0yjDxsNRa6sAqWU2Z60A==}
    engines: {node: '>=10'}
    cpu: [ia32]
    os: [win32]
    requiresBuild: true
    dev: true
    optional: true

  /@swc/core-win32-x64-msvc@1.3.100:
    resolution: {integrity: sha512-b7J0rPoMkRTa3XyUGt8PwCaIBuYWsL2DqbirrQKRESzgCvif5iNpqaM6kjIjI/5y5q1Ycv564CB51YDpiS8EtQ==}
    engines: {node: '>=10'}
    cpu: [x64]
    os: [win32]
    requiresBuild: true
    dev: true
    optional: true

  /@swc/core@1.3.100:
    resolution: {integrity: sha512-7dKgTyxJjlrMwFZYb1auj3Xq0D8ZBe+5oeIgfMlRU05doXZypYJe0LAk0yjj3WdbwYzpF+T1PLxwTWizI0pckw==}
    engines: {node: '>=10'}
    requiresBuild: true
    peerDependencies:
      '@swc/helpers': ^0.5.0
    peerDependenciesMeta:
      '@swc/helpers':
        optional: true
    dependencies:
      '@swc/counter': 0.1.2
      '@swc/types': 0.1.5
    optionalDependencies:
      '@swc/core-darwin-arm64': 1.3.100
      '@swc/core-darwin-x64': 1.3.100
      '@swc/core-linux-arm64-gnu': 1.3.100
      '@swc/core-linux-arm64-musl': 1.3.100
      '@swc/core-linux-x64-gnu': 1.3.100
      '@swc/core-linux-x64-musl': 1.3.100
      '@swc/core-win32-arm64-msvc': 1.3.100
      '@swc/core-win32-ia32-msvc': 1.3.100
      '@swc/core-win32-x64-msvc': 1.3.100
    dev: true

  /@swc/counter@0.1.2:
    resolution: {integrity: sha512-9F4ys4C74eSTEUNndnER3VJ15oru2NumfQxS8geE+f3eB5xvfxpWyqE5XlVnxb/R14uoXi6SLbBwwiDSkv+XEw==}
    dev: true

  /@swc/types@0.1.5:
    resolution: {integrity: sha512-myfUej5naTBWnqOCc/MdVOLVjXUXtIA+NpDrDBKJtLLg2shUjBu3cZmB/85RyitKc55+lUUyl7oRfLOvkr2hsw==}
    dev: true

  /ansi-styles@4.3.0:
    resolution: {integrity: sha512-zbB9rCJAT1rbjiVDb2hqKFHNYLxgtk8NURxZ3IZwD3F6NtxbXZQCnnSi1Lkx+IDohdPlFp222wVALIheZJQSEg==}
    engines: {node: '>=8'}
    dependencies:
      color-convert: 2.0.1
    dev: true

  /argparse@2.0.1:
    resolution: {integrity: sha512-8+9WqebbFzpX9OR+Wa6O29asIogeRMzcGtAINdpMHHyAg10f05aSFVBbcEqGf/PXw1EjAZ+q2/bEBg3DvurK3Q==}
    dev: true

  /braces@3.0.2:
    resolution: {integrity: sha512-b8um+L1RzM3WDSzvhm6gIz1yfTbBt6YTlcEKAvsmqCZZFw46z626lVj9j1yEPW33H5H+lBQpZMP1k8l+78Ha0A==}
    engines: {node: '>=8'}
    dependencies:
      fill-range: 7.0.1
    dev: true

  /buffer-from@1.1.2:
    resolution: {integrity: sha512-E+XQCRwSbaaiChtv6k6Dwgc+bx+Bs6vuKJHHl5kox/BaKbhiXzqQOwK4cO22yElGp2OCmjwVhT3HmxgyPGnJfQ==}
    dev: true

  /chalk@4.1.2:
    resolution: {integrity: sha512-oKnbhFyRIXpUuez8iBMmyEa4nbj4IOQyuhc/wy9kY7/WVPcwIO9VA668Pu8RkO7+0G76SLROeyw9CpQ061i4mA==}
    engines: {node: '>=10'}
    dependencies:
      ansi-styles: 4.3.0
      supports-color: 7.2.0
    dev: true

  /coffeescript@2.7.0:
    resolution: {integrity: sha512-hzWp6TUE2d/jCcN67LrW1eh5b/rSDKQK6oD6VMLlggYVUUFexgTH9z3dNYihzX4RMhze5FTUsUmOXViJKFQR/A==}
    engines: {node: '>=6'}
    hasBin: true
    dev: true

  /color-convert@2.0.1:
    resolution: {integrity: sha512-RRECPsj7iu/xb5oKYcsFHSppFNnsj/52OVTRKb4zP5onXwVF3zVmmToNcOfGC+CRDpfK/U584fMg38ZHCaElKQ==}
    engines: {node: '>=7.0.0'}
    dependencies:
      color-name: 1.1.4
    dev: true

  /color-name@1.1.4:
    resolution: {integrity: sha512-dOy+3AuW3a2wNbZHIuMZpTcgjGuLU/uBL/ubcZF9OXbDo8ff4O8yVp5Bf0efS8uEoYo5q4Fx7dY9OgQGXgAsQA==}
    dev: true

  /commander@11.1.0:
    resolution: {integrity: sha512-yPVavfyCcRhmorC7rWlkHn15b4wDVgVmBA7kV4QVBsF7kv/9TKJAbAXVTxvTnwP8HHKjRCJDClKbciiYS7p0DQ==}
    engines: {node: '>=16'}
    dev: true

  /dayjs@1.11.10:
    resolution: {integrity: sha512-vjAczensTgRcqDERK0SR2XMwsF/tSvnvlv6VcF2GIhg6Sx4yOIt/irsr1RDJsKiIyBzJDpCoXiWWq28MqH2cnQ==}
    dev: true

  /fast-glob@3.3.2:
    resolution: {integrity: sha512-oX2ruAFQwf/Orj8m737Y5adxDQO0LAB7/S5MnxCdTNDd4p6BsyIVsv9JQsATbTSq8KHRpLwIHbVlUNatxd+1Ow==}
    engines: {node: '>=8.6.0'}
    dependencies:
      '@nodelib/fs.stat': 2.0.5
      '@nodelib/fs.walk': 1.2.8
      glob-parent: 5.1.2
      merge2: 1.4.1
      micromatch: 4.0.5
    dev: true

  /fastq@1.15.0:
    resolution: {integrity: sha512-wBrocU2LCXXa+lWBt8RoIRD89Fi8OdABODa/kEnyeyjS5aZO5/GNvI5sEINADqP/h8M29UHTHUb53sUu5Ihqdw==}
    dependencies:
      reusify: 1.0.4
    dev: true

  /fill-range@7.0.1:
    resolution: {integrity: sha512-qOo9F+dMUmC2Lcb4BbVvnKJxTPjCm+RRpe4gDuGrzkL7mEVl/djYSu2OdQ2Pa302N4oqkSg9ir6jaLWJ2USVpQ==}
    engines: {node: '>=8'}
    dependencies:
      to-regex-range: 5.0.1
    dev: true

  /glob-parent@5.1.2:
    resolution: {integrity: sha512-AOIgSQCepiJYwP3ARnGx+5VnTu2HBYdzbGP45eLw1vr3zB3vZLeyed1sC9hnbcOc9/SrMyM5RPQrkGz4aS9Zow==}
    engines: {node: '>= 6'}
    dependencies:
      is-glob: 4.0.3
    dev: true

  /has-flag@4.0.0:
    resolution: {integrity: sha512-EykJT/Q1KjTWctppgIAgfSO0tKVuZUjhgMr17kqTumMl6Afv3EISleU7qZUzoXDFTAHTDC4NOoG/ZxU3EvlMPQ==}
    engines: {node: '>=8'}
    dev: true

  /is-extglob@2.1.1:
    resolution: {integrity: sha512-SbKbANkN603Vi4jEZv49LeVJMn4yGwsbzZworEoyEiutsN3nJYdbO36zfhGJ6QEDpOZIFkDtnq5JRxmvl3jsoQ==}
    engines: {node: '>=0.10.0'}
    dev: true

  /is-glob@4.0.3:
    resolution: {integrity: sha512-xelSayHH36ZgE7ZWhli7pW34hNbNl8Ojv5KVmkJD4hBdD3th8Tfk9vYasLM+mXWOZhFkgZfxhLSnrwRr4elSSg==}
    engines: {node: '>=0.10.0'}
    dependencies:
      is-extglob: 2.1.1
    dev: true

  /is-number@7.0.0:
    resolution: {integrity: sha512-41Cifkg6e8TylSpdtTpeLVMqvSBEVzTttHvERD741+pnZ8ANv0004MRL43QKPDlK9cGvNp6NZWZUBlbGXYxxng==}
    engines: {node: '>=0.12.0'}
    dev: true

  /js-yaml@4.1.0:
    resolution: {integrity: sha512-wpxZs9NoxZaJESJGIZTyDEaYpl0FKSA+FB9aJiyemKhMwkxQg63h4T1KJgUGHpTqPDNRcmmYLugrRjJlBtWvRA==}
    hasBin: true
    dependencies:
      argparse: 2.0.1
    dev: true

  /merge2@1.4.1:
    resolution: {integrity: sha512-8q7VEgMJW4J8tcfVPy8g09NcQwZdbwFEqhe/WZkoIzjn/3TGDwtOCYtXGxA3O8tPzpczCCDgv+P2P5y00ZJOOg==}
    engines: {node: '>= 8'}
    dev: true

  /micromatch@4.0.5:
    resolution: {integrity: sha512-DMy+ERcEW2q8Z2Po+WNXuw3c5YaUSFjAO5GsJqfEl7UjvtIuFKO6ZrKvcItdy98dwFI2N1tg3zNIdKaQT+aNdA==}
    engines: {node: '>=8.6'}
    dependencies:
      braces: 3.0.2
      picomatch: 2.3.1
    dev: true

  /picomatch@2.3.1:
    resolution: {integrity: sha512-JU3teHTNjmE2VCGFzuY8EXzCDVwEqB2a8fsIvwaStHhAWJEeVd1o1QD80CU6+ZdEXXSLbSsuLwJjkCBWqRQUVA==}
    engines: {node: '>=8.6'}
    dev: true

  /queue-microtask@1.2.3:
    resolution: {integrity: sha512-NuaNSa6flKT5JaSYQzJok04JzTL1CA6aGhv5rfLW3PgqA+M2ChpZQnAC8h8i4ZFkBS8X5RqkDBHA7r4hej3K9A==}
    dev: true

  /reusify@1.0.4:
    resolution: {integrity: sha512-U9nH88a3fc/ekCF1l0/UP1IosiuIjyTh7hBvXVMHYgVcfGvt897Xguj2UOLDeI5BG2m7/uwyaLVT6fbtCwTyzw==}
    engines: {iojs: '>=1.0.0', node: '>=0.10.0'}
    dev: true

  /run-parallel@1.2.0:
    resolution: {integrity: sha512-5l4VyZR86LZ/lDxZTR6jqL8AFE2S0IFLMP26AbjsLVADxHdhB/c0GUsH+y39UfCi3dzz8OlQuPmnaJOMoDHQBA==}
    dependencies:
      queue-microtask: 1.2.3
    dev: true

  /source-map-support@0.5.21:
    resolution: {integrity: sha512-uBHU3L3czsIyYXKX88fdrGovxdSCoTGDRZ6SYXtSRxLZUzHg5P/66Ht6uoUlHu9EZod+inXhKo3qQgwXUT/y1w==}
    dependencies:
      buffer-from: 1.1.2
      source-map: 0.6.1
    dev: true

  /source-map@0.6.1:
    resolution: {integrity: sha512-UjgapumWlbMhkBgzT7Ykc5YXUT46F0iKu8SGXq0bcwP5dz/h0Plj6enJqjz1Zbq2l5WaqYnrVbwWOWMyF3F47g==}
    engines: {node: '>=0.10.0'}
    dev: true

  /supports-color@7.2.0:
    resolution: {integrity: sha512-qpCAvRl9stuOHveKsn7HncJRvv501qIacKzQlO/+Lwxc9+0q2wLyv4Dfvt80/DPn2pqOBsJdDiogXGR9+OvwRw==}
    engines: {node: '>=8'}
    dependencies:
      has-flag: 4.0.0
    dev: true

  /to-regex-range@5.0.1:
    resolution: {integrity: sha512-65P7iz6X5yEr1cwcgvQxbbIw7Uk3gOy5dIdtZ4rDveLqhrdJP+Li/Hx6tyK0NEb+2GCyneCMJiGqrADCSNk8sQ==}
    engines: {node: '>=8.0'}
    dependencies:
      is-number: 7.0.0
    dev: true
